
Microsoft Visual Studio Solution File, Format Version 12.00
# Visual Studio Version 17
VisualStudioVersion = 17.5.33516.290
MinimumVisualStudioVersion = 10.0.40219.1
Project("{9A19103F-16F7-4668-BE54-9A1E7A4F7556}") = "API", "API.csproj", "{BE970FCD-BACE-4067-9C1F-29A009CEDE6C}"
EndProject
Project("{9A19103F-16F7-4668-BE54-9A1E7A4F7556}") = "DAL", "..\DAL\DAL.csproj", "{17D904A7-B152-4BF5-8D06-DFADE31C2CFF}"
EndProject
Project("{9A19103F-16F7-4668-BE54-9A1E7A4F7556}") = "BAL", "..\BAL\BAL.csproj", "{66D2B840-C601-48BB-9CC7-3720C2A45351}"
EndProject
Global
	GlobalSection(SolutionConfigurationPlatforms) = preSolution
		Debug|Any CPU = Debug|Any CPU
		Release|Any CPU = Release|Any CPU
	EndGlobalSection
	GlobalSection(ProjectConfigurationPlatforms) = postSolution
		{BE970FCD-BACE-4067-9C1F-29A009CEDE6C}.Debug|Any CPU.ActiveCfg = Debug|Any CPU
		{BE970FCD-BACE-4067-9C1F-29A009CEDE6C}.Debug|Any CPU.Build.0 = Debug|Any CPU
		{BE970FCD-BACE-4067-9C1F-29A009CEDE6C}.Release|Any CPU.ActiveCfg = Release|Any CPU
		{BE970FCD-BACE-4067-9C1F-29A009CEDE6C}.Release|Any CPU.Build.0 = Release|Any CPU
		{17D904A7-B152-4BF5-8D06-DFADE31C2CFF}.Debug|Any CPU.ActiveCfg = Debug|Any CPU
		{17D904A7-B152-4BF5-8D06-DFADE31C2CFF}.Debug|Any CPU.Build.0 = Debug|Any CPU
		{17D904A7-B152-4BF5-8D06-DFADE31C2CFF}.Release|Any CPU.ActiveCfg = Release|Any CPU
		{17D904A7-B152-4BF5-8D06-DFADE31C2CFF}.Release|Any CPU.Build.0 = Release|Any CPU
		{66D2B840-C601-48BB-9CC7-3720C2A45351}.Debug|Any CPU.ActiveCfg = Debug|Any CPU
		{66D2B840-C601-48BB-9CC7-3720C2A45351}.Debug|Any CPU.Build.0 = Debug|Any CPU
		{66D2B840-C601-48BB-9CC7-3720C2A45351}.Release|Any CPU.ActiveCfg = Release|Any CPU
		{66D2B840-C601-48BB-9CC7-3720C2A45351}.Release|Any CPU.Build.0 = Release|Any CPU
	EndGlobalSection
	GlobalSection(SolutionProperties) = preSolution
		HideSolutionNode = FALSE
	EndGlobalSection
	GlobalSection(ExtensibilityGlobals) = postSolution
		SolutionGuid = {E02842FB-0E68-45D5-95C7-D0179CC4026A}
	EndGlobalSection
EndGlobal
